
Microsoft Visual Studio Solution File, Format Version 12.00
# Visual Studio Version 16
VisualStudioVersion = 16.0.31424.327
MinimumVisualStudioVersion = 10.0.40219.1
Project("{FAE04EC0-301F-11D3-BF4B-00C04F79EFBC}") = "Activity_EF", "Activity_EF\Activity_EF.csproj", "{F028A45B-20C2-4A07-B20C-89B93259CE8A}"
EndProject
Project("{FAE04EC0-301F-11D3-BF4B-00C04F79EFBC}") = "ActivityEF_BL", "ActivityEF_BL\ActivityEF_BL.csproj", "{452DD923-6836-4FDF-907C-87074948F11C}"
EndProject
Project("{FAE04EC0-301F-11D3-BF4B-00C04F79EFBC}") = "ActivityEF_DAL", "ActivityEF_DAL\ActivityEF_DAL.csproj", "{A98A210B-14E7-42BF-9041-34994B694E12}"
EndProject
Project("{FAE04EC0-301F-11D3-BF4B-00C04F79EFBC}") = "ActivityEF_DTO", "ActivityEF_DTO\ActivityEF_DTO.csproj", "{56B7CC17-C1B1-4927-ADCB-30AE18CDB114}"
EndProject
Global
	GlobalSection(SolutionConfigurationPlatforms) = preSolution
		Debug|Any CPU = Debug|Any CPU
		Release|Any CPU = Release|Any CPU
	EndGlobalSection
	GlobalSection(ProjectConfigurationPlatforms) = postSolution
		{F028A45B-20C2-4A07-B20C-89B93259CE8A}.Debug|Any CPU.ActiveCfg = Debug|Any CPU
		{F028A45B-20C2-4A07-B20C-89B93259CE8A}.Debug|Any CPU.Build.0 = Debug|Any CPU
		{F028A45B-20C2-4A07-B20C-89B93259CE8A}.Release|Any CPU.ActiveCfg = Release|Any CPU
		{F028A45B-20C2-4A07-B20C-89B93259CE8A}.Release|Any CPU.Build.0 = Release|Any CPU
		{452DD923-6836-4FDF-907C-87074948F11C}.Debug|Any CPU.ActiveCfg = Debug|Any CPU
		{452DD923-6836-4FDF-907C-87074948F11C}.Debug|Any CPU.Build.0 = Debug|Any CPU
		{452DD923-6836-4FDF-907C-87074948F11C}.Release|Any CPU.ActiveCfg = Release|Any CPU
		{452DD923-6836-4FDF-907C-87074948F11C}.Release|Any CPU.Build.0 = Release|Any CPU
		{A98A210B-14E7-42BF-9041-34994B694E12}.Debug|Any CPU.ActiveCfg = Debug|Any CPU
		{A98A210B-14E7-42BF-9041-34994B694E12}.Debug|Any CPU.Build.0 = Debug|Any CPU
		{A98A210B-14E7-42BF-9041-34994B694E12}.Release|Any CPU.ActiveCfg = Release|Any CPU
		{A98A210B-14E7-42BF-9041-34994B694E12}.Release|Any CPU.Build.0 = Release|Any CPU
		{56B7CC17-C1B1-4927-ADCB-30AE18CDB114}.Debug|Any CPU.ActiveCfg = Debug|Any CPU
		{56B7CC17-C1B1-4927-ADCB-30AE18CDB114}.Debug|Any CPU.Build.0 = Debug|Any CPU
		{56B7CC17-C1B1-4927-ADCB-30AE18CDB114}.Release|Any CPU.ActiveCfg = Release|Any CPU
		{56B7CC17-C1B1-4927-ADCB-30AE18CDB114}.Release|Any CPU.Build.0 = Release|Any CPU
	EndGlobalSection
	GlobalSection(SolutionProperties) = preSolution
		HideSolutionNode = FALSE
	EndGlobalSection
	GlobalSection(ExtensibilityGlobals) = postSolution
		SolutionGuid = {93704E80-7137-42F1-A09C-9924E6189AD7}
	EndGlobalSection
EndGlobal
